// !$*UTF8*$!
{
	archiveVersion = 1;
	classes = {
	};
	objectVersion = 46;
	objects = {

/* Begin PBXBuildFile section */
		41007A6E1C53576600AF9A92 /* Player.swift in Sources */ = {isa = PBXBuildFile; fileRef = 41007A6D1C53576600AF9A92 /* Player.swift */; };
		41007A731C53A5EC00AF9A92 /* Can't Help Falling In Love.jpg in Resources */ = {isa = PBXBuildFile; fileRef = 41007A721C53A5EC00AF9A92 /* Can't Help Falling In Love.jpg */; };
		4187CC331C53EBDF00415A56 /* Asi es mi amor.mp3 in Resources */ = {isa = PBXBuildFile; fileRef = 4187CC321C53EBDF00415A56 /* Asi es mi amor.mp3 */; };
		4187CC371C53EBF800415A56 /* Contigo.mp3 in Resources */ = {isa = PBXBuildFile; fileRef = 4187CC361C53EBF800415A56 /* Contigo.mp3 */; };
		4187CC391C53EBFE00415A56 /* Mi Vida Sin Ti.mp3 in Resources */ = {isa = PBXBuildFile; fileRef = 4187CC381C53EBFE00415A56 /* Mi Vida Sin Ti.mp3 */; };
		4187CC3B1C53EC0600415A56 /* Si nos quedara poco tiempo.mp3 in Resources */ = {isa = PBXBuildFile; fileRef = 4187CC3A1C53EC0600415A56 /* Si nos quedara poco tiempo.mp3 */; };
		4187CC3D1C53ED3A00415A56 /* Can't Help Falling In Love.mp3 in Resources */ = {isa = PBXBuildFile; fileRef = 4187CC3C1C53ED3A00415A56 /* Can't Help Falling In Love.mp3 */; };
		41CDE3D91C5198CD00D56F50 /* AppDelegate.swift in Sources */ = {isa = PBXBuildFile; fileRef = 41CDE3D81C5198CD00D56F50 /* AppDelegate.swift */; };
		41CDE3DE1C5198CD00D56F50 /* Main.storyboard in Resources */ = {isa = PBXBuildFile; fileRef = 41CDE3DC1C5198CD00D56F50 /* Main.storyboard */; };
		41CDE3E01C5198CD00D56F50 /* Assets.xcassets in Resources */ = {isa = PBXBuildFile; fileRef = 41CDE3DF1C5198CD00D56F50 /* Assets.xcassets */; };
		41CDE3E31C5198CD00D56F50 /* LaunchScreen.storyboard in Resources */ = {isa = PBXBuildFile; fileRef = 41CDE3E11C5198CD00D56F50 /* LaunchScreen.storyboard */; };
		41CDE3F31C51E9B800D56F50 /* TrackViewController.swift in Sources */ = {isa = PBXBuildFile; fileRef = 41CDE3F21C51E9B800D56F50 /* TrackViewController.swift */; };
		41CDE3F51C51F64200D56F50 /* Track.swift in Sources */ = {isa = PBXBuildFile; fileRef = 41CDE3F41C51F64200D56F50 /* Track.swift */; };
		41CDE4041C51FA6200D56F50 /* Asi es mi amor.jpg in Resources */ = {isa = PBXBuildFile; fileRef = 41CDE4031C51FA6200D56F50 /* Asi es mi amor.jpg */; };
		41CDE4061C51FAB900D56F50 /* Contigo.jpg in Resources */ = {isa = PBXBuildFile; fileRef = 41CDE4051C51FAB900D56F50 /* Contigo.jpg */; };
		41CDE4081C51FB2600D56F50 /* Mi vida sin ti.jpg in Resources */ = {isa = PBXBuildFile; fileRef = 41CDE4071C51FB2600D56F50 /* Mi vida sin ti.jpg */; };
		41CDE40A1C51FB6500D56F50 /* Si nos quedara poco tiempo.jpg in Resources */ = {isa = PBXBuildFile; fileRef = 41CDE4091C51FB6500D56F50 /* Si nos quedara poco tiempo.jpg */; };
		41CDE40D1C52046600D56F50 /* TrackTableViewCell.swift in Sources */ = {isa = PBXBuildFile; fileRef = 41CDE40C1C52046600D56F50 /* TrackTableViewCell.swift */; };
		41CDE4101C520B4400D56F50 /* NowPlayingViewController.swift in Sources */ = {isa = PBXBuildFile; fileRef = 41CDE40F1C520B4400D56F50 /* NowPlayingViewController.swift */; };
/* End PBXBuildFile section */

/* Begin PBXFileReference section */
		41007A6D1C53576600AF9A92 /* Player.swift */ = {isa = PBXFileReference; fileEncoding = 4; lastKnownFileType = sourcecode.swift; path = Player.swift; sourceTree = "<group>"; };
		41007A721C53A5EC00AF9A92 /* Can't Help Falling In Love.jpg */ = {isa = PBXFileReference; lastKnownFileType = image.jpeg; path = "Can't Help Falling In Love.jpg"; sourceTree = "<group>"; };
		4187CC321C53EBDF00415A56 /* Asi es mi amor.mp3 */ = {isa = PBXFileReference; lastKnownFileType = audio.mp3; path = "Asi es mi amor.mp3"; sourceTree = "<group>"; };
		4187CC361C53EBF800415A56 /* Contigo.mp3 */ = {isa = PBXFileReference; lastKnownFileType = audio.mp3; path = Contigo.mp3; sourceTree = "<group>"; };
		4187CC381C53EBFE00415A56 /* Mi Vida Sin Ti.mp3 */ = {isa = PBXFileReference; lastKnownFileType = audio.mp3; path = "Mi Vida Sin Ti.mp3"; sourceTree = "<group>"; };
		4187CC3A1C53EC0600415A56 /* Si nos quedara poco tiempo.mp3 */ = {isa = PBXFileReference; lastKnownFileType = audio.mp3; path = "Si nos quedara poco tiempo.mp3"; sourceTree = "<group>"; };
		4187CC3C1C53ED3A00415A56 /* Can't Help Falling In Love.mp3 */ = {isa = PBXFileReference; lastKnownFileType = audio.mp3; path = "Can't Help Falling In Love.mp3"; sourceTree = "<group>"; };
		41CDE3D51C5198CD00D56F50 /* music player N&N.app */ = {isa = PBXFileReference; explicitFileType = wrapper.application; includeInIndex = 0; path = "music player N&N.app"; sourceTree = BUILT_PRODUCTS_DIR; };
		41CDE3D81C5198CD00D56F50 /* AppDelegate.swift */ = {isa = PBXFileReference; lastKnownFileType = sourcecode.swift; path = AppDelegate.swift; sourceTree = "<group>"; };
		41CDE3DD1C5198CD00D56F50 /* Base */ = {isa = PBXFileReference; lastKnownFileType = file.storyboard; name = Base; path = Base.lproj/Main.storyboard; sourceTree = "<group>"; };
		41CDE3DF1C5198CD00D56F50 /* Assets.xcassets */ = {isa = PBXFileReference; lastKnownFileType = folder.assetcatalog; path = Assets.xcassets; sourceTree = "<group>"; };
		41CDE3E21C5198CD00D56F50 /* Base */ = {isa = PBXFileReference; lastKnownFileType = file.storyboard; name = Base; path = Base.lproj/LaunchScreen.storyboard; sourceTree = "<group>"; };
		41CDE3E41C5198CD00D56F50 /* Info.plist */ = {isa = PBXFileReference; lastKnownFileType = text.plist.xml; path = Info.plist; sourceTree = "<group>"; };
		41CDE3F21C51E9B800D56F50 /* TrackViewController.swift */ = {isa = PBXFileReference; fileEncoding = 4; lastKnownFileType = sourcecode.swift; path = TrackViewController.swift; sourceTree = "<group>"; };
		41CDE3F41C51F64200D56F50 /* Track.swift */ = {isa = PBXFileReference; fileEncoding = 4; lastKnownFileType = sourcecode.swift; path = Track.swift; sourceTree = "<group>"; };
		41CDE4031C51FA6200D56F50 /* Asi es mi amor.jpg */ = {isa = PBXFileReference; lastKnownFileType = image.jpeg; path = "Asi es mi amor.jpg"; sourceTree = "<group>"; };
		41CDE4051C51FAB900D56F50 /* Contigo.jpg */ = {isa = PBXFileReference; lastKnownFileType = image.jpeg; path = Contigo.jpg; sourceTree = "<group>"; };
		41CDE4071C51FB2600D56F50 /* Mi vida sin ti.jpg */ = {isa = PBXFileReference; lastKnownFileType = image.jpeg; path = "Mi vida sin ti.jpg"; sourceTree = "<group>"; };
		41CDE4091C51FB6500D56F50 /* Si nos quedara poco tiempo.jpg */ = {isa = PBXFileReference; lastKnownFileType = image.jpeg; path = "Si nos quedara poco tiempo.jpg"; sourceTree = "<group>"; };
		41CDE40C1C52046600D56F50 /* TrackTableViewCell.swift */ = {isa = PBXFileReference; fileEncoding = 4; lastKnownFileType = sourcecode.swift; path = TrackTableViewCell.swift; sourceTree = "<group>"; };
		41CDE40F1C520B4400D56F50 /* NowPlayingViewController.swift */ = {isa = PBXFileReference; fileEncoding = 4; lastKnownFileType = sourcecode.swift; path = NowPlayingViewController.swift; sourceTree = "<group>"; };
/* End PBXFileReference section */

/* Begin PBXFrameworksBuildPhase section */
		41CDE3D21C5198CD00D56F50 /* Frameworks */ = {
			isa = PBXFrameworksBuildPhase;
			buildActionMask = 2147483647;
			files = (
			);
			runOnlyForDeploymentPostprocessing = 0;
		};
/* End PBXFrameworksBuildPhase section */

/* Begin PBXGroup section */
		41007A6C1C534E2A00AF9A92 /* Model */ = {
			isa = PBXGroup;
			children = (
				41CDE3F41C51F64200D56F50 /* Track.swift */,
				41007A6D1C53576600AF9A92 /* Player.swift */,
			);
			name = Model;
			sourceTree = "<group>";
		};
		41007A6F1C53A54B00AF9A92 /* track5 */ = {
			isa = PBXGroup;
			children = (
				41007A721C53A5EC00AF9A92 /* Can't Help Falling In Love.jpg */,
				4187CC3C1C53ED3A00415A56 /* Can't Help Falling In Love.mp3 */,
			);
			name = track5;
			sourceTree = "<group>";
		};
		41CDE3CC1C5198CD00D56F50 = {
			isa = PBXGroup;
			children = (
				41CDE3D71C5198CD00D56F50 /* music player N&N */,
				41CDE3D61C5198CD00D56F50 /* Products */,
			);
			sourceTree = "<group>";
		};
		41CDE3D61C5198CD00D56F50 /* Products */ = {
			isa = PBXGroup;
			children = (
				41CDE3D51C5198CD00D56F50 /* music player N&N.app */,
			);
			name = Products;
			sourceTree = "<group>";
		};
		41CDE3D71C5198CD00D56F50 /* music player N&N */ = {
			isa = PBXGroup;
			children = (
				41007A6C1C534E2A00AF9A92 /* Model */,
				41CDE40E1C520B2900D56F50 /* Controllers */,
				41CDE40B1C52045400D56F50 /* Cell */,
				41CDE3F61C51F90F00D56F50 /* tracks */,
				41CDE3D81C5198CD00D56F50 /* AppDelegate.swift */,
				41CDE3DC1C5198CD00D56F50 /* Main.storyboard */,
				41CDE3DF1C5198CD00D56F50 /* Assets.xcassets */,
				41CDE3E11C5198CD00D56F50 /* LaunchScreen.storyboard */,
				41CDE3E41C5198CD00D56F50 /* Info.plist */,
			);
			path = "music player N&N";
			sourceTree = "<group>";
		};
		41CDE3F61C51F90F00D56F50 /* tracks */ = {
			isa = PBXGroup;
			children = (
				41007A6F1C53A54B00AF9A92 /* track5 */,
				41CDE3FF1C51F9C700D56F50 /* track1 */,
				41CDE4021C51F9F000D56F50 /* track4 */,
				41CDE4011C51F9E800D56F50 /* track3 */,
				41CDE4001C51F9D500D56F50 /* track2 */,
			);
			name = tracks;
			sourceTree = "<group>";
		};
		41CDE3FF1C51F9C700D56F50 /* track1 */ = {
			isa = PBXGroup;
			children = (
				41CDE4031C51FA6200D56F50 /* Asi es mi amor.jpg */,
				4187CC321C53EBDF00415A56 /* Asi es mi amor.mp3 */,
			);
			name = track1;
			sourceTree = "<group>";
		};
		41CDE4001C51F9D500D56F50 /* track2 */ = {
			isa = PBXGroup;
			children = (
				41CDE4051C51FAB900D56F50 /* Contigo.jpg */,
				4187CC361C53EBF800415A56 /* Contigo.mp3 */,
			);
			name = track2;
			sourceTree = "<group>";
		};
		41CDE4011C51F9E800D56F50 /* track3 */ = {
			isa = PBXGroup;
			children = (
				41CDE4071C51FB2600D56F50 /* Mi vida sin ti.jpg */,
				4187CC381C53EBFE00415A56 /* Mi Vida Sin Ti.mp3 */,
			);
			name = track3;
			sourceTree = "<group>";
		};
		41CDE4021C51F9F000D56F50 /* track4 */ = {
			isa = PBXGroup;
			children = (
				41CDE4091C51FB6500D56F50 /* Si nos quedara poco tiempo.jpg */,
				4187CC3A1C53EC0600415A56 /* Si nos quedara poco tiempo.mp3 */,
			);
			name = track4;
			sourceTree = "<group>";
		};
		41CDE40B1C52045400D56F50 /* Cell */ = {
			isa = PBXGroup;
			children = (
				41CDE40C1C52046600D56F50 /* TrackTableViewCell.swift */,
			);
			name = Cell;
			sourceTree = "<group>";
		};
		41CDE40E1C520B2900D56F50 /* Controllers */ = {
			isa = PBXGroup;
			children = (
				41CDE3F21C51E9B800D56F50 /* TrackViewController.swift */,
				41CDE40F1C520B4400D56F50 /* NowPlayingViewController.swift */,
			);
			name = Controllers;
			sourceTree = "<group>";
		};
/* End PBXGroup section */

/* Begin PBXNativeTarget section */
		41CDE3D41C5198CD00D56F50 /* music player N&N */ = {
			isa = PBXNativeTarget;
			buildConfigurationList = 41CDE3E71C5198CD00D56F50 /* Build configuration list for PBXNativeTarget "music player N&N" */;
			buildPhases = (
				41CDE3D11C5198CD00D56F50 /* Sources */,
				41CDE3D21C5198CD00D56F50 /* Frameworks */,
				41CDE3D31C5198CD00D56F50 /* Resources */,
			);
			buildRules = (
			);
			dependencies = (
			);
			name = "music player N&N";
			productName = "music player N&N";
			productReference = 41CDE3D51C5198CD00D56F50 /* music player N&N.app */;
			productType = "com.apple.product-type.application";
		};
/* End PBXNativeTarget section */

/* Begin PBXProject section */
		41CDE3CD1C5198CD00D56F50 /* Project object */ = {
			isa = PBXProject;
			attributes = {
				LastSwiftUpdateCheck = 0720;
				LastUpgradeCheck = 0720;
				ORGANIZATIONNAME = "Nivardo Ibarra";
				TargetAttributes = {
					41CDE3D41C5198CD00D56F50 = {
						CreatedOnToolsVersion = 7.2;
						DevelopmentTeam = 3P6GBLK989;
					};
				};
			};
			buildConfigurationList = 41CDE3D01C5198CD00D56F50 /* Build configuration list for PBXProject "music player N&N" */;
			compatibilityVersion = "Xcode 3.2";
			developmentRegion = English;
			hasScannedForEncodings = 0;
			knownRegions = (
				en,
				Base,
			);
			mainGroup = 41CDE3CC1C5198CD00D56F50;
			productRefGroup = 41CDE3D61C5198CD00D56F50 /* Products */;
			projectDirPath = "";
			projectRoot = "";
			targets = (
				41CDE3D41C5198CD00D56F50 /* music player N&N */,
			);
		};
/* End PBXProject section */

/* Begin PBXResourcesBuildPhase section */
		41CDE3D31C5198CD00D56F50 /* Resources */ = {
			isa = PBXResourcesBuildPhase;
			buildActionMask = 2147483647;
			files = (
				41007A731C53A5EC00AF9A92 /* Can't Help Falling In Love.jpg in Resources */,
				4187CC3B1C53EC0600415A56 /* Si nos quedara poco tiempo.mp3 in Resources */,
				4187CC391C53EBFE00415A56 /* Mi Vida Sin Ti.mp3 in Resources */,
				4187CC331C53EBDF00415A56 /* Asi es mi amor.mp3 in Resources */,
				41CDE3E31C5198CD00D56F50 /* LaunchScreen.storyboard in Resources */,
				41CDE4041C51FA6200D56F50 /* Asi es mi amor.jpg in Resources */,
				41CDE40A1C51FB6500D56F50 /* Si nos quedara poco tiempo.jpg in Resources */,
				41CDE3E01C5198CD00D56F50 /* Assets.xcassets in Resources */,
				4187CC371C53EBF800415A56 /* Contigo.mp3 in Resources */,
				41CDE4061C51FAB900D56F50 /* Contigo.jpg in Resources */,
				4187CC3D1C53ED3A00415A56 /* Can't Help Falling In Love.mp3 in Resources */,
				41CDE4081C51FB2600D56F50 /* Mi vida sin ti.jpg in Resources */,
				41CDE3DE1C5198CD00D56F50 /* Main.storyboard in Resources */,
			);
			runOnlyForDeploymentPostprocessing = 0;
		};
/* End PBXResourcesBuildPhase section */

/* Begin PBXSourcesBuildPhase section */
		41CDE3D11C5198CD00D56F50 /* Sources */ = {
			isa = PBXSourcesBuildPhase;
			buildActionMask = 2147483647;
			files = (
				41CDE3F31C51E9B800D56F50 /* TrackViewController.swift in Sources */,
				41CDE4101C520B4400D56F50 /* NowPlayingViewController.swift in Sources */,
				41CDE3D91C5198CD00D56F50 /* AppDelegate.swift in Sources */,
				41CDE3F51C51F64200D56F50 /* Track.swift in Sources */,
				41007A6E1C53576600AF9A92 /* Player.swift in Sources */,
				41CDE40D1C52046600D56F50 /* TrackTableViewCell.swift in Sources */,
			);
			runOnlyForDeploymentPostprocessing = 0;
		};
/* End PBXSourcesBuildPhase section */

/* Begin PBXVariantGroup section */
		41CDE3DC1C5198CD00D56F50 /* Main.storyboard */ = {
			isa = PBXVariantGroup;
			children = (
				41CDE3DD1C5198CD00D56F50 /* Base */,
			);
			name = Main.storyboard;
			sourceTree = "<group>";
		};
		41CDE3E11C5198CD00D56F50 /* LaunchScreen.storyboard */ = {
			isa = PBXVariantGroup;
			children = (
				41CDE3E21C5198CD00D56F50 /* Base */,
			);
			name = LaunchScreen.storyboard;
			sourceTree = "<group>";
		};
/* End PBXVariantGroup section */

/* Begin XCBuildConfiguration section */
		41CDE3E51C5198CD00D56F50 /* Debug */ = {
			isa = XCBuildConfiguration;
			buildSettings = {
				ALWAYS_SEARCH_USER_PATHS = NO;
				CLANG_CXX_LANGUAGE_STANDARD = "gnu++0x";
				CLANG_CXX_LIBRARY = "libc++";
				CLANG_ENABLE_MODULES = YES;
				CLANG_ENABLE_OBJC_ARC = YES;
				CLANG_WARN_BOOL_CONVERSION = YES;
				CLANG_WARN_CONSTANT_CONVERSION = YES;
				CLANG_WARN_DIRECT_OBJC_ISA_USAGE = YES_ERROR;
				CLANG_WARN_EMPTY_BODY = YES;
				CLANG_WARN_ENUM_CONVERSION = YES;
				CLANG_WARN_INT_CONVERSION = YES;
				CLANG_WARN_OBJC_ROOT_CLASS = YES_ERROR;
				CLANG_WARN_UNREACHABLE_CODE = YES;
				CLANG_WARN__DUPLICATE_METHOD_MATCH = YES;
				"CODE_SIGN_IDENTITY[sdk=iphoneos*]" = "iPhone Developer";
				COPY_PHASE_STRIP = NO;
				DEBUG_INFORMATION_FORMAT = dwarf;
				ENABLE_STRICT_OBJC_MSGSEND = YES;
				ENABLE_TESTABILITY = YES;
				GCC_C_LANGUAGE_STANDARD = gnu99;
				GCC_DYNAMIC_NO_PIC = NO;
				GCC_NO_COMMON_BLOCKS = YES;
				GCC_OPTIMIZATION_LEVEL = 0;
				GCC_PREPROCESSOR_DEFINITIONS = (
					"DEBUG=1",
					"$(inherited)",
				);
				GCC_WARN_64_TO_32_BIT_CONVERSION = YES;
				GCC_WARN_ABOUT_RETURN_TYPE = YES_ERROR;
				GCC_WARN_UNDECLARED_SELECTOR = YES;
				GCC_WARN_UNINITIALIZED_AUTOS = YES_AGGRESSIVE;
				GCC_WARN_UNUSED_FUNCTION = YES;
				GCC_WARN_UNUSED_VARIABLE = YES;
				IPHONEOS_DEPLOYMENT_TARGET = 9.2;
				MTL_ENABLE_DEBUG_INFO = YES;
				ONLY_ACTIVE_ARCH = YES;
				SDKROOT = iphoneos;
				SWIFT_OPTIMIZATION_LEVEL = "-Onone";
			};
			name = Debug;
		};
		41CDE3E61C5198CD00D56F50 /* Release */ = {
			isa = XCBuildConfiguration;
			buildSettings = {
				ALWAYS_SEARCH_USER_PATHS = NO;
				CLANG_CXX_LANGUAGE_STANDARD = "gnu++0x";
				CLANG_CXX_LIBRARY = "libc++";
				CLANG_ENABLE_MODULES = YES;
				CLANG_ENABLE_OBJC_ARC = YES;
				CLANG_WARN_BOOL_CONVERSION = YES;
				CLANG_WARN_CONSTANT_CONVERSION = YES;
				CLANG_WARN_DIRECT_OBJC_ISA_USAGE = YES_ERROR;
				CLANG_WARN_EMPTY_BODY = YES;
				CLANG_WARN_ENUM_CONVERSION = YES;
				CLANG_WARN_INT_CONVERSION = YES;
				CLANG_WARN_OBJC_ROOT_CLASS = YES_ERROR;
				CLANG_WARN_UNREACHABLE_CODE = YES;
				CLANG_WARN__DUPLICATE_METHOD_MATCH = YES;
				"CODE_SIGN_IDENTITY[sdk=iphoneos*]" = "iPhone Developer";
				COPY_PHASE_STRIP = NO;
				DEBUG_INFORMATION_FORMAT = "dwarf-with-dsym";
				ENABLE_NS_ASSERTIONS = NO;
				ENABLE_STRICT_OBJC_MSGSEND = YES;
				GCC_C_LANGUAGE_STANDARD = gnu99;
				GCC_NO_COMMON_BLOCKS = YES;
				GCC_WARN_64_TO_32_BIT_CONVERSION = YES;
				GCC_WARN_ABOUT_RETURN_TYPE = YES_ERROR;
				GCC_WARN_UNDECLARED_SELECTOR = YES;
				GCC_WARN_UNINITIALIZED_AUTOS = YES_AGGRESSIVE;
				GCC_WARN_UNUSED_FUNCTION = YES;
				GCC_WARN_UNUSED_VARIABLE = YES;
				IPHONEOS_DEPLOYMENT_TARGET = 9.2;
				MTL_ENABLE_DEBUG_INFO = NO;
				SDKROOT = iphoneos;
				VALIDATE_PRODUCT = YES;
			};
			name = Release;
		};
		41CDE3E81C5198CD00D56F50 /* Debug */ = {
			isa = XCBuildConfiguration;
			buildSettings = {
				ASSETCATALOG_COMPILER_APPICON_NAME = AppIcon;
				INFOPLIST_FILE = "music player N&N/Info.plist";
				LD_RUNPATH_SEARCH_PATHS = "$(inherited) @executable_path/Frameworks";
				PRODUCT_BUNDLE_IDENTIFIER = "ibarra.nivardo.nayeli.lopez.music-player-N-N";
				PRODUCT_NAME = "$(TARGET_NAME)";
			};
			name = Debug;
		};
		41CDE3E91C5198CD00D56F50 /* Release */ = {
			isa = XCBuildConfiguration;
			buildSettings = {
				ASSETCATALOG_COMPILER_APPICON_NAME = AppIcon;
				INFOPLIST_FILE = "music player N&N/Info.plist";
				LD_RUNPATH_SEARCH_PATHS = "$(inherited) @executable_path/Frameworks";
				PRODUCT_BUNDLE_IDENTIFIER = "ibarra.nivardo.nayeli.lopez.music-player-N-N";
				PRODUCT_NAME = "$(TARGET_NAME)";
			};
			name = Release;
		};
/* End XCBuildConfiguration section */

/* Begin XCConfigurationList section */
		41CDE3D01C5198CD00D56F50 /* Build configuration list for PBXProject "music player N&N" */ = {
			isa = XCConfigurationList;
			buildConfigurations = (
				41CDE3E51C5198CD00D56F50 /* Debug */,
				41CDE3E61C5198CD00D56F50 /* Release */,
			);
			defaultConfigurationIsVisible = 0;
			defaultConfigurationName = Release;
		};
		41CDE3E71C5198CD00D56F50 /* Build configuration list for PBXNativeTarget "music player N&N" */ = {
			isa = XCConfigurationList;
			buildConfigurations = (
				41CDE3E81C5198CD00D56F50 /* Debug */,
				41CDE3E91C5198CD00D56F50 /* Release */,
			);
			defaultConfigurationIsVisible = 0;
			defaultConfigurationName = Release;
		};
/* End XCConfigurationList section */
	};
	rootObject = 41CDE3CD1C5198CD00D56F50 /* Project object */;
}
